%{
  "bunt": {:hex, :bunt, "0.2.0", "951c6e801e8b1d2cbe58ebbd3e616a869061ddadcc4863d0a2182541acae9a38", [:mix], [], "hexpm", "7af5c7e09fe1d40f76c8e4f9dd2be7cebd83909f31fee7cd0e9eadc567da8353"},
  "credo": {:hex, :credo, "1.6.1", "7dc76dcdb764a4316c1596804c48eada9fff44bd4b733a91ccbf0c0f368be61e", [:mix], [{:bunt, "~> 0.2.0", [hex: :bunt, repo: "hexpm", optional: false]}, {:file_system, "~> 0.2.8", [hex: :file_system, repo: "hexpm", optional: false]}, {:jason, "~> 1.0", [hex: :jason, repo: "hexpm", optional: false]}], "hexpm", "698607fb5993720c7e93d2d8e76f2175bba024de964e160e2f7151ef3ab82ac5"},
  "csv": {:hex, :csv, "2.4.1", "50e32749953b6bf9818dbfed81cf1190e38cdf24f95891303108087486c5925e", [:mix], [{:parallel_stream, "~> 1.0.4", [hex: :parallel_stream, repo: "hexpm", optional: false]}], "hexpm", "54508938ac67e27966b10ef49606e3ad5995d665d7fc2688efb3eab1307c9079"},
  "dialyxir": {:hex, :dialyxir, "1.1.0", "c5aab0d6e71e5522e77beff7ba9e08f8e02bad90dfbeffae60eaf0cb47e29488", [:mix], [{:erlex, ">= 0.2.6", [hex: :erlex, repo: "hexpm", optional: false]}], "hexpm", "07ea8e49c45f15264ebe6d5b93799d4dd56a44036cf42d0ad9c960bc266c0b9a"},
  "erlex": {:hex, :erlex, "0.2.6", "c7987d15e899c7a2f34f5420d2a2ea0d659682c06ac607572df55a43753aa12e", [:mix], [], "hexpm", "2ed2e25711feb44d52b17d2780eabf998452f6efda104877a3881c2f8c0c0c75"},
  "file_system": {:hex, :file_system, "0.2.10", "fb082005a9cd1711c05b5248710f8826b02d7d1784e7c3451f9c1231d4fc162d", [:mix], [], "hexpm", "41195edbfb562a593726eda3b3e8b103a309b733ad25f3d642ba49696bf715dc"},
  "geo": {:hex, :geo, "3.4.3", "0ddf3f681993d32c397e5ef346e7b4b6f36f39ed138502429832fa4000ebb9d5", [:mix], [{:jason, "~> 1.2", [hex: :jason, repo: "hexpm", optional: true]}], "hexpm", "e23f2892e5437ec8b063cee1beccec89c58fd841ae11133304700235feb25552"},
  "jason": {:hex, :jason, "1.2.2", "ba43e3f2709fd1aa1dce90aaabfd039d000469c05c56f0b8e31978e03fa39052", [:mix], [{:decimal, "~> 1.0 or ~> 2.0", [hex: :decimal, repo: "hexpm", optional: true]}], "hexpm", "18a228f5f0058ee183f29f9eae0805c6e59d61c3b006760668d8d18ff0d12179"},
  "parallel_stream": {:hex, :parallel_stream, "1.0.6", "b967be2b23f0f6787fab7ed681b4c45a215a81481fb62b01a5b750fa8f30f76c", [:mix], [], "hexpm", "639b2e8749e11b87b9eb42f2ad325d161c170b39b288ac8d04c4f31f8f0823eb"},
  "seg_seg": {:hex, :seg_seg, "0.1.1", "a7a5c072ad9de3af1bb5e155492c2c7a0fd5f381700efe9b9ba38c95fb997bd7", [:mix], [{:vector, "~> 1.0", [hex: :vector, repo: "hexpm", optional: false]}], "hexpm", "60830e037b6ac9e1b7d360d2eec0e02834c26bba7f1bebad4dd90a00d31ab119"},
  "topo": {:hex, :topo, "0.4.0", "93dcfb35574c76502d5b43a5caef79567e8aa7f2d340ef8bbac35f9ff92ca5f3", [:mix], [{:geo, "~> 3.1", [hex: :geo, repo: "hexpm", optional: false]}, {:seg_seg, "~> 0.1", [hex: :seg_seg, repo: "hexpm", optional: false]}, {:vector, "~> 1.0", [hex: :vector, repo: "hexpm", optional: false]}], "hexpm", "51aeac4d9062473fa3d66244cdd05a768e3297f858d2ca4eb71678a7cc41704b"},
  "vector": {:hex, :vector, "1.0.1", "587fdc3866a224c359df80b5f59f403ac38817f9f60d4076fd0d1128028ea4cd", [:mix], [], "hexpm", "28d6fd19e4b2ed1a39efa67ae5aaecf813c04a77db19d93b767bd347736ec9ea"},
}
